
Microsoft Visual Studio Solution File, Format Version 11.00
# Visual Studio 2010
Project("{FAE04EC0-301F-11D3-BF4B-00C04F79EFBC}") = "LexmarkPrinterDump", "LexmarkPrinterDump\LexmarkPrinterDump.csproj", "{A485F1CE-A2EC-44D1-9D48-B90A47130848}"
EndProject
Global
	GlobalSection(SolutionConfigurationPlatforms) = preSolution
		Debug|x86 = Debug|x86
		Release|x86 = Release|x86
	EndGlobalSection
	GlobalSection(ProjectConfigurationPlatforms) = postSolution
		{A485F1CE-A2EC-44D1-9D48-B90A47130848}.Debug|x86.ActiveCfg = Debug|x86
		{A485F1CE-A2EC-44D1-9D48-B90A47130848}.Debug|x86.Build.0 = Debug|x86
		{A485F1CE-A2EC-44D1-9D48-B90A47130848}.Release|x86.ActiveCfg = Release|x86
		{A485F1CE-A2EC-44D1-9D48-B90A47130848}.Release|x86.Build.0 = Release|x86
	EndGlobalSection
	GlobalSection(SolutionProperties) = preSolution
		HideSolutionNode = FALSE
	EndGlobalSection
EndGlobal
